
Microsoft Visual Studio Solution File, Format Version 12.00
# Visual Studio Version 16
VisualStudioVersion = 16.0.30717.126
MinimumVisualStudioVersion = 10.0.40219.1
Project("{9A19103F-16F7-4668-BE54-9A1E7A4F7556}") = "SpssCommon", "SpssCommon\SpssCommon.csproj", "{01BE2695-6F16-4B4B-B93C-73D845AF9615}"
EndProject
Project("{9A19103F-16F7-4668-BE54-9A1E7A4F7556}") = "SpssReader", "SpssReader\SpssReader.csproj", "{5EE82519-EF3A-435E-8594-224BAC6A8AE9}"
EndProject
Project("{9A19103F-16F7-4668-BE54-9A1E7A4F7556}") = "SpssWriter", "SpssWriter\SpssWriter.csproj", "{7E3ABE8D-5DA0-4981-BFE3-B0FC01C4D77E}"
EndProject
Project("{9A19103F-16F7-4668-BE54-9A1E7A4F7556}") = "Spss.Tests", "Spss.Tests\Spss.Tests.csproj", "{5A117EB8-C97F-4686-BA4C-B34E94581F7E}"
EndProject
Project("{2150E333-8FDC-42A3-9474-1A3956D46DE8}") = "Solution Items", "Solution Items", "{718DE205-C4A0-45D1-918D-169C9C00DA42}"
	ProjectSection(SolutionItems) = preProject
		ReadMe.md = ReadMe.md
	EndProjectSection
EndProject
Global
	GlobalSection(SolutionConfigurationPlatforms) = preSolution
		Debug|Any CPU = Debug|Any CPU
		Release|Any CPU = Release|Any CPU
	EndGlobalSection
	GlobalSection(ProjectConfigurationPlatforms) = postSolution
		{01BE2695-6F16-4B4B-B93C-73D845AF9615}.Debug|Any CPU.ActiveCfg = Debug|Any CPU
		{01BE2695-6F16-4B4B-B93C-73D845AF9615}.Debug|Any CPU.Build.0 = Debug|Any CPU
		{01BE2695-6F16-4B4B-B93C-73D845AF9615}.Release|Any CPU.ActiveCfg = Release|Any CPU
		{01BE2695-6F16-4B4B-B93C-73D845AF9615}.Release|Any CPU.Build.0 = Release|Any CPU
		{5EE82519-EF3A-435E-8594-224BAC6A8AE9}.Debug|Any CPU.ActiveCfg = Debug|Any CPU
		{5EE82519-EF3A-435E-8594-224BAC6A8AE9}.Debug|Any CPU.Build.0 = Debug|Any CPU
		{5EE82519-EF3A-435E-8594-224BAC6A8AE9}.Release|Any CPU.ActiveCfg = Release|Any CPU
		{5EE82519-EF3A-435E-8594-224BAC6A8AE9}.Release|Any CPU.Build.0 = Release|Any CPU
		{7E3ABE8D-5DA0-4981-BFE3-B0FC01C4D77E}.Debug|Any CPU.ActiveCfg = Debug|Any CPU
		{7E3ABE8D-5DA0-4981-BFE3-B0FC01C4D77E}.Debug|Any CPU.Build.0 = Debug|Any CPU
		{7E3ABE8D-5DA0-4981-BFE3-B0FC01C4D77E}.Release|Any CPU.ActiveCfg = Release|Any CPU
		{7E3ABE8D-5DA0-4981-BFE3-B0FC01C4D77E}.Release|Any CPU.Build.0 = Release|Any CPU
		{5A117EB8-C97F-4686-BA4C-B34E94581F7E}.Debug|Any CPU.ActiveCfg = Debug|Any CPU
		{5A117EB8-C97F-4686-BA4C-B34E94581F7E}.Debug|Any CPU.Build.0 = Debug|Any CPU
		{5A117EB8-C97F-4686-BA4C-B34E94581F7E}.Release|Any CPU.ActiveCfg = Release|Any CPU
		{5A117EB8-C97F-4686-BA4C-B34E94581F7E}.Release|Any CPU.Build.0 = Release|Any CPU
	EndGlobalSection
	GlobalSection(SolutionProperties) = preSolution
		HideSolutionNode = FALSE
	EndGlobalSection
	GlobalSection(ExtensibilityGlobals) = postSolution
		SolutionGuid = {D9BC5521-802D-4742-86E1-FEE1AC234802}
	EndGlobalSection
EndGlobal
